
Microsoft Visual Studio Solution File, Format Version 12.00
# Visual Studio Version 17
VisualStudioVersion = 17.11.35222.181
MinimumVisualStudioVersion = 10.0.40219.1
Project("{FAE04EC0-301F-11D3-BF4B-00C04F79EFBC}") = "Skyline bitrate-calculator", "Skyline bitrate-calculator\Skyline bitrate-calculator.csproj", "{7A1C89A8-A809-4873-A785-E02B7B7EE1D0}"
EndProject
Global
	GlobalSection(SolutionConfigurationPlatforms) = preSolution
		Debug|Any CPU = Debug|Any CPU
		Release|Any CPU = Release|Any CPU
	EndGlobalSection
	GlobalSection(ProjectConfigurationPlatforms) = postSolution
		{7A1C89A8-A809-4873-A785-E02B7B7EE1D0}.Debug|Any CPU.ActiveCfg = Debug|Any CPU
		{7A1C89A8-A809-4873-A785-E02B7B7EE1D0}.Debug|Any CPU.Build.0 = Debug|Any CPU
		{7A1C89A8-A809-4873-A785-E02B7B7EE1D0}.Release|Any CPU.ActiveCfg = Release|Any CPU
		{7A1C89A8-A809-4873-A785-E02B7B7EE1D0}.Release|Any CPU.Build.0 = Release|Any CPU
	EndGlobalSection
	GlobalSection(SolutionProperties) = preSolution
		HideSolutionNode = FALSE
	EndGlobalSection
	GlobalSection(ExtensibilityGlobals) = postSolution
		SolutionGuid = {E6CADAE6-92A4-4303-B856-1376F6F2DC93}
	EndGlobalSection
EndGlobal
